github.com/atotto/clipboard v0.1.2 h1:YZCtFu5Ie8qX2VmVTBnrqLSiU9XOWwqNRmdT3gIQzbY=
github.com/atotto/clipboard v0.1.2/go.mod h1:ZY9tmq7sm5xIbd9bOK4onWV4S6X0u6GY7Vn0Yu86PYI=
github.com/marcsauter/single v0.0.0-20191217065835-82e78df7afac/go.mod h1:uUA07IN7rYmbr5YlZM5nDVLyoxiqqpprFlXBrjqI24A=
github.com/zserge/webview v0.0.0-20200516134046-4caf698fad53 h1:7qvr23qx/4M/y1/04h1XwQI+T+xZep+K+XuP3vBw3aE=
github.com/zserge/webview v0.0.0-20200516134046-4caf698fad53/go.mod h1:qxc/5N3SOFrs3q+EAVHqaJ1oLbm+hHlDhfhRYg8x7wQ=
